
Microsoft Visual Studio Solution File, Format Version 12.00
# Visual Studio Version 16
VisualStudioVersion = 16.0.30717.126
MinimumVisualStudioVersion = 10.0.40219.1
Project("{FAE04EC0-301F-11D3-BF4B-00C04F79EFBC}") = "async_await", "async_await.csproj", "{617B8A83-C186-4F12-838B-2ED496B96258}"
EndProject
Global
	GlobalSection(SolutionConfigurationPlatforms) = preSolution
		Debug|Any CPU = Debug|Any CPU
		Release|Any CPU = Release|Any CPU
	EndGlobalSection
	GlobalSection(ProjectConfigurationPlatforms) = postSolution
		{617B8A83-C186-4F12-838B-2ED496B96258}.Debug|Any CPU.ActiveCfg = Debug|Any CPU
		{617B8A83-C186-4F12-838B-2ED496B96258}.Debug|Any CPU.Build.0 = Debug|Any CPU
		{617B8A83-C186-4F12-838B-2ED496B96258}.Release|Any CPU.ActiveCfg = Release|Any CPU
		{617B8A83-C186-4F12-838B-2ED496B96258}.Release|Any CPU.Build.0 = Release|Any CPU
	EndGlobalSection
	GlobalSection(SolutionProperties) = preSolution
		HideSolutionNode = FALSE
	EndGlobalSection
	GlobalSection(ExtensibilityGlobals) = postSolution
		SolutionGuid = {2EE8BF8C-0443-40AB-8715-8E17944139C1}
	EndGlobalSection
EndGlobal
